
Microsoft Visual Studio Solution File, Format Version 12.00
# Visual Studio Version 16
VisualStudioVersion = 16.0.33328.57
MinimumVisualStudioVersion = 10.0.40219.1
Project("{FAE04EC0-301F-11D3-BF4B-00C04F79EFBC}") = "WPF-laba13", "WPF-laba13.csproj", "{193A60E2-C373-49A6-856F-A9B9B717A409}"
EndProject
Global
	GlobalSection(SolutionConfigurationPlatforms) = preSolution
		Debug|Any CPU = Debug|Any CPU
		Release|Any CPU = Release|Any CPU
	EndGlobalSection
	GlobalSection(ProjectConfigurationPlatforms) = postSolution
		{193A60E2-C373-49A6-856F-A9B9B717A409}.Debug|Any CPU.ActiveCfg = Debug|Any CPU
		{193A60E2-C373-49A6-856F-A9B9B717A409}.Debug|Any CPU.Build.0 = Debug|Any CPU
		{193A60E2-C373-49A6-856F-A9B9B717A409}.Release|Any CPU.ActiveCfg = Release|Any CPU
		{193A60E2-C373-49A6-856F-A9B9B717A409}.Release|Any CPU.Build.0 = Release|Any CPU
	EndGlobalSection
	GlobalSection(SolutionProperties) = preSolution
		HideSolutionNode = FALSE
	EndGlobalSection
	GlobalSection(ExtensibilityGlobals) = postSolution
		SolutionGuid = {3821D19E-E5DF-462A-946C-0BFB6A0BBF9E}
	EndGlobalSection
EndGlobal
